{
  "name": "asp.net",
  "version": "1.0.0",
  "lockfileVersion": 1,
  "requires": true,
  "dependencies": {
    "mdbootstrap": {
      "version": "4.7.5",
      "resolved": "https://registry.npmjs.org/mdbootstrap/-/mdbootstrap-4.7.5.tgz",
      "integrity": "sha512-MnerMYXO9lh33y2Ji4U/wLF+KFlExnYxNU7m5JL1NvCVb7+EkleH4oTV3ks3NUJogFma1FXjBluFSvxIAmAh9Q==",
      "dev": true
    }
  }
}
